// !$*UTF8*$!
{
	archiveVersion = 1;
	classes = {
	};
	objectVersion = 55;
	objects = {

/* Begin PBXBuildFile section */
		476E58F985EC2A642951F646 /* libPods-AwesomeCharacters.a in Frameworks */ = {isa = PBXBuildFile; fileRef = 73FF02964BCDE3E679535CE2 /* libPods-AwesomeCharacters.a */; };
		B168304C27528841006BF6F2 /* AppDelegate.swift in Sources */ = {isa = PBXBuildFile; fileRef = B168304B27528841006BF6F2 /* AppDelegate.swift */; };
		B168304E27528841006BF6F2 /* SceneDelegate.swift in Sources */ = {isa = PBXBuildFile; fileRef = B168304D27528841006BF6F2 /* SceneDelegate.swift */; };
		B168305527528843006BF6F2 /* Assets.xcassets in Resources */ = {isa = PBXBuildFile; fileRef = B168305427528843006BF6F2 /* Assets.xcassets */; };
		B168305827528843006BF6F2 /* LaunchScreen.storyboard in Resources */ = {isa = PBXBuildFile; fileRef = B168305627528843006BF6F2 /* LaunchScreen.storyboard */; };
		B168307127528C87006BF6F2 /* Localizable.strings in Resources */ = {isa = PBXBuildFile; fileRef = B168306F27528C87006BF6F2 /* Localizable.strings */; };
		B168307527528F82006BF6F2 /* Fonts.generated.swift in Sources */ = {isa = PBXBuildFile; fileRef = B168307327528F82006BF6F2 /* Fonts.generated.swift */; };
		B168307627528F82006BF6F2 /* Assets.generated.swift in Sources */ = {isa = PBXBuildFile; fileRef = B168307427528F82006BF6F2 /* Assets.generated.swift */; };
		B16830782752905B006BF6F2 /* Strings.generated.swift in Sources */ = {isa = PBXBuildFile; fileRef = B16830772752905B006BF6F2 /* Strings.generated.swift */; };
		B168308427529080006BF6F2 /* OpenSans-Semibold.ttf in Resources */ = {isa = PBXBuildFile; fileRef = B168307A27529080006BF6F2 /* OpenSans-Semibold.ttf */; };
		B168308527529080006BF6F2 /* OpenSans-Light.ttf in Resources */ = {isa = PBXBuildFile; fileRef = B168307B27529080006BF6F2 /* OpenSans-Light.ttf */; };
		B168308627529080006BF6F2 /* OpenSans-Italic.ttf in Resources */ = {isa = PBXBuildFile; fileRef = B168307C27529080006BF6F2 /* OpenSans-Italic.ttf */; };
		B168308727529080006BF6F2 /* OpenSans-ExtraBold.ttf in Resources */ = {isa = PBXBuildFile; fileRef = B168307D27529080006BF6F2 /* OpenSans-ExtraBold.ttf */; };
		B168308827529080006BF6F2 /* OpenSans-LightItalic.ttf in Resources */ = {isa = PBXBuildFile; fileRef = B168307E27529080006BF6F2 /* OpenSans-LightItalic.ttf */; };
		B168308927529080006BF6F2 /* OpenSans-Bold.ttf in Resources */ = {isa = PBXBuildFile; fileRef = B168307F27529080006BF6F2 /* OpenSans-Bold.ttf */; };
		B168308A27529080006BF6F2 /* OpenSans-SemiboldItalic.ttf in Resources */ = {isa = PBXBuildFile; fileRef = B168308027529080006BF6F2 /* OpenSans-SemiboldItalic.ttf */; };
		B168308B27529080006BF6F2 /* OpenSans-ExtraBoldItalic.ttf in Resources */ = {isa = PBXBuildFile; fileRef = B168308127529080006BF6F2 /* OpenSans-ExtraBoldItalic.ttf */; };
		B168308C27529080006BF6F2 /* OpenSans-Regular.ttf in Resources */ = {isa = PBXBuildFile; fileRef = B168308227529080006BF6F2 /* OpenSans-Regular.ttf */; };
		B168308D27529080006BF6F2 /* OpenSans-BoldItalic.ttf in Resources */ = {isa = PBXBuildFile; fileRef = B168308327529080006BF6F2 /* OpenSans-BoldItalic.ttf */; };
		B168309027529193006BF6F2 /* ListCharacterViewController.swift in Sources */ = {isa = PBXBuildFile; fileRef = B168308E27529193006BF6F2 /* ListCharacterViewController.swift */; };
		B168309127529193006BF6F2 /* ListCharacterViewController.xib in Resources */ = {isa = PBXBuildFile; fileRef = B168308F27529193006BF6F2 /* ListCharacterViewController.xib */; };
		B1683093275293B2006BF6F2 /* ListCharactersPresenter.swift in Sources */ = {isa = PBXBuildFile; fileRef = B1683092275293B2006BF6F2 /* ListCharactersPresenter.swift */; };
		B1683095275293CF006BF6F2 /* ListCharacterVO.swift in Sources */ = {isa = PBXBuildFile; fileRef = B1683094275293CF006BF6F2 /* ListCharacterVO.swift */; };
		B168309827529AAC006BF6F2 /* UseCaseCharactersGetList.swift in Sources */ = {isa = PBXBuildFile; fileRef = B168309727529AAC006BF6F2 /* UseCaseCharactersGetList.swift */; };
		B168309A27529B39006BF6F2 /* CharactersRepository.swift in Sources */ = {isa = PBXBuildFile; fileRef = B168309927529B39006BF6F2 /* CharactersRepository.swift */; };
		B168309C27529C19006BF6F2 /* Constants.swift in Sources */ = {isa = PBXBuildFile; fileRef = B168309B27529C19006BF6F2 /* Constants.swift */; };
		B168309E27529FAA006BF6F2 /* Strings+Extensions.swift in Sources */ = {isa = PBXBuildFile; fileRef = B168309D27529FAA006BF6F2 /* Strings+Extensions.swift */; };
		B16830A027529FFC006BF6F2 /* AppError.swift in Sources */ = {isa = PBXBuildFile; fileRef = B168309F27529FFC006BF6F2 /* AppError.swift */; };
		B16830A22752A434006BF6F2 /* ResponseDTO.swift in Sources */ = {isa = PBXBuildFile; fileRef = B16830A12752A434006BF6F2 /* ResponseDTO.swift */; };
		B16830A42752A4C1006BF6F2 /* CharacterDTO.swift in Sources */ = {isa = PBXBuildFile; fileRef = B16830A32752A4C1006BF6F2 /* CharacterDTO.swift */; };
		B16830A62752AC63006BF6F2 /* CharacterBO.swift in Sources */ = {isa = PBXBuildFile; fileRef = B16830A52752AC63006BF6F2 /* CharacterBO.swift */; };
		B16830A92752ACCB006BF6F2 /* APIRequest.swift in Sources */ = {isa = PBXBuildFile; fileRef = B16830A82752ACCB006BF6F2 /* APIRequest.swift */; };
		B16830AB2752AF05006BF6F2 /* CharacterMapper.swift in Sources */ = {isa = PBXBuildFile; fileRef = B16830AA2752AF05006BF6F2 /* CharacterMapper.swift */; };
		B16830AF2752B7F0006BF6F2 /* ListCharacterViewCell.swift in Sources */ = {isa = PBXBuildFile; fileRef = B16830AD2752B7F0006BF6F2 /* ListCharacterViewCell.swift */; };
		B16830B02752B7F0006BF6F2 /* ListCharacterViewCell.xib in Resources */ = {isa = PBXBuildFile; fileRef = B16830AE2752B7F0006BF6F2 /* ListCharacterViewCell.xib */; };
		B16830B22752BA1A006BF6F2 /* UseCaseCharacters.swift in Sources */ = {isa = PBXBuildFile; fileRef = B16830B12752BA1A006BF6F2 /* UseCaseCharacters.swift */; };
		B1BB85B02754105100987EFC /* DetailCharacterPresenter.swift in Sources */ = {isa = PBXBuildFile; fileRef = B1BB85AF2754105100987EFC /* DetailCharacterPresenter.swift */; };
		B1BB85B22754106400987EFC /* DetailCharacterVO.swift in Sources */ = {isa = PBXBuildFile; fileRef = B1BB85B12754106400987EFC /* DetailCharacterVO.swift */; };
		B1BB85B52754107A00987EFC /* DetailCharacterViewController.swift in Sources */ = {isa = PBXBuildFile; fileRef = B1BB85B32754107A00987EFC /* DetailCharacterViewController.swift */; };
		B1BB85B62754107A00987EFC /* DetailCharacterViewController.xib in Resources */ = {isa = PBXBuildFile; fileRef = B1BB85B42754107A00987EFC /* DetailCharacterViewController.xib */; };
		B1BB85BA275410A000987EFC /* DetailCharacterImageCell.swift in Sources */ = {isa = PBXBuildFile; fileRef = B1BB85B8275410A000987EFC /* DetailCharacterImageCell.swift */; };
		B1BB85BB275410A000987EFC /* DetailCharacterImageCell.xib in Resources */ = {isa = PBXBuildFile; fileRef = B1BB85B9275410A000987EFC /* DetailCharacterImageCell.xib */; };
		B1BB85C6275410CD00987EFC /* DetailCharacterLinkCell.swift in Sources */ = {isa = PBXBuildFile; fileRef = B1BB85C4275410CD00987EFC /* DetailCharacterLinkCell.swift */; };
		B1BB85C7275410CD00987EFC /* DetailCharacterLinkCell.xib in Resources */ = {isa = PBXBuildFile; fileRef = B1BB85C5275410CD00987EFC /* DetailCharacterLinkCell.xib */; };
		B1BB85CA275410E100987EFC /* DetailCharacterDescriptionCell.swift in Sources */ = {isa = PBXBuildFile; fileRef = B1BB85C8275410E100987EFC /* DetailCharacterDescriptionCell.swift */; };
		B1BB85CB275410E100987EFC /* DetailCharacterDescriptionCell.xib in Resources */ = {isa = PBXBuildFile; fileRef = B1BB85C9275410E100987EFC /* DetailCharacterDescriptionCell.xib */; };
		B1BB85D2275412A100987EFC /* DetailCharacterTitleCell.swift in Sources */ = {isa = PBXBuildFile; fileRef = B1BB85D0275412A100987EFC /* DetailCharacterTitleCell.swift */; };
		B1BB85D3275412A100987EFC /* DetailCharacterTitleCell.xib in Resources */ = {isa = PBXBuildFile; fileRef = B1BB85D1275412A100987EFC /* DetailCharacterTitleCell.xib */; };
		B1BB85D6275412EF00987EFC /* DetailCharacterHeaderCell.swift in Sources */ = {isa = PBXBuildFile; fileRef = B1BB85D4275412EF00987EFC /* DetailCharacterHeaderCell.swift */; };
		B1BB85D7275412EF00987EFC /* DetailCharacterHeaderCell.xib in Resources */ = {isa = PBXBuildFile; fileRef = B1BB85D5275412EF00987EFC /* DetailCharacterHeaderCell.xib */; };
		B1BB85DA2754130200987EFC /* DetailCharacterValueCell.swift in Sources */ = {isa = PBXBuildFile; fileRef = B1BB85D82754130200987EFC /* DetailCharacterValueCell.swift */; };
		B1BB85DB2754130200987EFC /* DetailCharacterValueCell.xib in Resources */ = {isa = PBXBuildFile; fileRef = B1BB85D92754130200987EFC /* DetailCharacterValueCell.xib */; };
		B1BB85DE2754138100987EFC /* DetailCharacterSeparatorCell.swift in Sources */ = {isa = PBXBuildFile; fileRef = B1BB85DC2754138100987EFC /* DetailCharacterSeparatorCell.swift */; };
		B1BB85DF2754138100987EFC /* DetailCharacterSeparatorCell.xib in Resources */ = {isa = PBXBuildFile; fileRef = B1BB85DD2754138100987EFC /* DetailCharacterSeparatorCell.xib */; };
/* End PBXBuildFile section */

/* Begin PBXFileReference section */
		3D897001F276B104A2BBE57C /* Pods-AwesomeCharacters.debug.xcconfig */ = {isa = PBXFileReference; includeInIndex = 1; lastKnownFileType = text.xcconfig; name = "Pods-AwesomeCharacters.debug.xcconfig"; path = "Target Support Files/Pods-AwesomeCharacters/Pods-AwesomeCharacters.debug.xcconfig"; sourceTree = "<group>"; };
		73FF02964BCDE3E679535CE2 /* libPods-AwesomeCharacters.a */ = {isa = PBXFileReference; explicitFileType = archive.ar; includeInIndex = 0; path = "libPods-AwesomeCharacters.a"; sourceTree = BUILT_PRODUCTS_DIR; };
		94B0E6F24C3EBF443F56C0FE /* Pods-AwesomeCharacters.release.xcconfig */ = {isa = PBXFileReference; includeInIndex = 1; lastKnownFileType = text.xcconfig; name = "Pods-AwesomeCharacters.release.xcconfig"; path = "Target Support Files/Pods-AwesomeCharacters/Pods-AwesomeCharacters.release.xcconfig"; sourceTree = "<group>"; };
		B168304827528841006BF6F2 /* AwesomeCharacters.app */ = {isa = PBXFileReference; explicitFileType = wrapper.application; includeInIndex = 0; path = AwesomeCharacters.app; sourceTree = BUILT_PRODUCTS_DIR; };
		B168304B27528841006BF6F2 /* AppDelegate.swift */ = {isa = PBXFileReference; lastKnownFileType = sourcecode.swift; path = AppDelegate.swift; sourceTree = "<group>"; };
		B168304D27528841006BF6F2 /* SceneDelegate.swift */ = {isa = PBXFileReference; lastKnownFileType = sourcecode.swift; path = SceneDelegate.swift; sourceTree = "<group>"; };
		B168305427528843006BF6F2 /* Assets.xcassets */ = {isa = PBXFileReference; lastKnownFileType = folder.assetcatalog; path = Assets.xcassets; sourceTree = "<group>"; };
		B168305727528843006BF6F2 /* Base */ = {isa = PBXFileReference; lastKnownFileType = file.storyboard; name = Base; path = Base.lproj/LaunchScreen.storyboard; sourceTree = "<group>"; };
		B168305927528843006BF6F2 /* Info.plist */ = {isa = PBXFileReference; lastKnownFileType = text.plist.xml; path = Info.plist; sourceTree = "<group>"; };
		B168307027528C87006BF6F2 /* en */ = {isa = PBXFileReference; lastKnownFileType = text.plist.strings; name = en; path = en.lproj/Localizable.strings; sourceTree = "<group>"; };
		B168307227528C8D006BF6F2 /* es */ = {isa = PBXFileReference; lastKnownFileType = text.plist.strings; name = es; path = es.lproj/Localizable.strings; sourceTree = "<group>"; };
		B168307327528F82006BF6F2 /* Fonts.generated.swift */ = {isa = PBXFileReference; fileEncoding = 4; lastKnownFileType = sourcecode.swift; path = Fonts.generated.swift; sourceTree = "<group>"; };
		B168307427528F82006BF6F2 /* Assets.generated.swift */ = {isa = PBXFileReference; fileEncoding = 4; lastKnownFileType = sourcecode.swift; path = Assets.generated.swift; sourceTree = "<group>"; };
		B16830772752905B006BF6F2 /* Strings.generated.swift */ = {isa = PBXFileReference; fileEncoding = 4; lastKnownFileType = sourcecode.swift; path = Strings.generated.swift; sourceTree = "<group>"; };
		B168307A27529080006BF6F2 /* OpenSans-Semibold.ttf */ = {isa = PBXFileReference; lastKnownFileType = file; path = "OpenSans-Semibold.ttf"; sourceTree = "<group>"; };
		B168307B27529080006BF6F2 /* OpenSans-Light.ttf */ = {isa = PBXFileReference; lastKnownFileType = file; path = "OpenSans-Light.ttf"; sourceTree = "<group>"; };
		B168307C27529080006BF6F2 /* OpenSans-Italic.ttf */ = {isa = PBXFileReference; lastKnownFileType = file; path = "OpenSans-Italic.ttf"; sourceTree = "<group>"; };
		B168307D27529080006BF6F2 /* OpenSans-ExtraBold.ttf */ = {isa = PBXFileReference; lastKnownFileType = file; path = "OpenSans-ExtraBold.ttf"; sourceTree = "<group>"; };
		B168307E27529080006BF6F2 /* OpenSans-LightItalic.ttf */ = {isa = PBXFileReference; lastKnownFileType = file; path = "OpenSans-LightItalic.ttf"; sourceTree = "<group>"; };
		B168307F27529080006BF6F2 /* OpenSans-Bold.ttf */ = {isa = PBXFileReference; lastKnownFileType = file; path = "OpenSans-Bold.ttf"; sourceTree = "<group>"; };
		B168308027529080006BF6F2 /* OpenSans-SemiboldItalic.ttf */ = {isa = PBXFileReference; lastKnownFileType = file; path = "OpenSans-SemiboldItalic.ttf"; sourceTree = "<group>"; };
		B168308127529080006BF6F2 /* OpenSans-ExtraBoldItalic.ttf */ = {isa = PBXFileReference; lastKnownFileType = file; path = "OpenSans-ExtraBoldItalic.ttf"; sourceTree = "<group>"; };
		B168308227529080006BF6F2 /* OpenSans-Regular.ttf */ = {isa = PBXFileReference; lastKnownFileType = file; path = "OpenSans-Regular.ttf"; sourceTree = "<group>"; };
		B168308327529080006BF6F2 /* OpenSans-BoldItalic.ttf */ = {isa = PBXFileReference; lastKnownFileType = file; path = "OpenSans-BoldItalic.ttf"; sourceTree = "<group>"; };
		B168308E27529193006BF6F2 /* ListCharacterViewController.swift */ = {isa = PBXFileReference; lastKnownFileType = sourcecode.swift; path = ListCharacterViewController.swift; sourceTree = "<group>"; };
		B168308F27529193006BF6F2 /* ListCharacterViewController.xib */ = {isa = PBXFileReference; lastKnownFileType = file.xib; path = ListCharacterViewController.xib; sourceTree = "<group>"; };
		B1683092275293B2006BF6F2 /* ListCharactersPresenter.swift */ = {isa = PBXFileReference; lastKnownFileType = sourcecode.swift; path = ListCharactersPresenter.swift; sourceTree = "<group>"; };
		B1683094275293CF006BF6F2 /* ListCharacterVO.swift */ = {isa = PBXFileReference; lastKnownFileType = sourcecode.swift; path = ListCharacterVO.swift; sourceTree = "<group>"; };
		B168309727529AAC006BF6F2 /* UseCaseCharactersGetList.swift */ = {isa = PBXFileReference; lastKnownFileType = sourcecode.swift; path = UseCaseCharactersGetList.swift; sourceTree = "<group>"; };
		B168309927529B39006BF6F2 /* CharactersRepository.swift */ = {isa = PBXFileReference; lastKnownFileType = sourcecode.swift; path = CharactersRepository.swift; sourceTree = "<group>"; };
		B168309B27529C19006BF6F2 /* Constants.swift */ = {isa = PBXFileReference; lastKnownFileType = sourcecode.swift; path = Constants.swift; sourceTree = "<group>"; };
		B168309D27529FAA006BF6F2 /* Strings+Extensions.swift */ = {isa = PBXFileReference; lastKnownFileType = sourcecode.swift; path = "Strings+Extensions.swift"; sourceTree = "<group>"; };
		B168309F27529FFC006BF6F2 /* AppError.swift */ = {isa = PBXFileReference; lastKnownFileType = sourcecode.swift; path = AppError.swift; sourceTree = "<group>"; };
		B16830A12752A434006BF6F2 /* ResponseDTO.swift */ = {isa = PBXFileReference; lastKnownFileType = sourcecode.swift; path = ResponseDTO.swift; sourceTree = "<group>"; };
		B16830A32752A4C1006BF6F2 /* CharacterDTO.swift */ = {isa = PBXFileReference; lastKnownFileType = sourcecode.swift; path = CharacterDTO.swift; sourceTree = "<group>"; };
		B16830A52752AC63006BF6F2 /* CharacterBO.swift */ = {isa = PBXFileReference; lastKnownFileType = sourcecode.swift; path = CharacterBO.swift; sourceTree = "<group>"; };
		B16830A82752ACCB006BF6F2 /* APIRequest.swift */ = {isa = PBXFileReference; lastKnownFileType = sourcecode.swift; path = APIRequest.swift; sourceTree = "<group>"; };
		B16830AA2752AF05006BF6F2 /* CharacterMapper.swift */ = {isa = PBXFileReference; lastKnownFileType = sourcecode.swift; path = CharacterMapper.swift; sourceTree = "<group>"; };
		B16830AD2752B7F0006BF6F2 /* ListCharacterViewCell.swift */ = {isa = PBXFileReference; lastKnownFileType = sourcecode.swift; path = ListCharacterViewCell.swift; sourceTree = "<group>"; };
		B16830AE2752B7F0006BF6F2 /* ListCharacterViewCell.xib */ = {isa = PBXFileReference; lastKnownFileType = file.xib; path = ListCharacterViewCell.xib; sourceTree = "<group>"; };
		B16830B12752BA1A006BF6F2 /* UseCaseCharacters.swift */ = {isa = PBXFileReference; lastKnownFileType = sourcecode.swift; path = UseCaseCharacters.swift; sourceTree = "<group>"; };
		B1BB85AF2754105100987EFC /* DetailCharacterPresenter.swift */ = {isa = PBXFileReference; lastKnownFileType = sourcecode.swift; path = DetailCharacterPresenter.swift; sourceTree = "<group>"; };
		B1BB85B12754106400987EFC /* DetailCharacterVO.swift */ = {isa = PBXFileReference; lastKnownFileType = sourcecode.swift; path = DetailCharacterVO.swift; sourceTree = "<group>"; };
		B1BB85B32754107A00987EFC /* DetailCharacterViewController.swift */ = {isa = PBXFileReference; lastKnownFileType = sourcecode.swift; path = DetailCharacterViewController.swift; sourceTree = "<group>"; };
		B1BB85B42754107A00987EFC /* DetailCharacterViewController.xib */ = {isa = PBXFileReference; lastKnownFileType = file.xib; path = DetailCharacterViewController.xib; sourceTree = "<group>"; };
		B1BB85B8275410A000987EFC /* DetailCharacterImageCell.swift */ = {isa = PBXFileReference; lastKnownFileType = sourcecode.swift; path = DetailCharacterImageCell.swift; sourceTree = "<group>"; };
		B1BB85B9275410A000987EFC /* DetailCharacterImageCell.xib */ = {isa = PBXFileReference; lastKnownFileType = file.xib; path = DetailCharacterImageCell.xib; sourceTree = "<group>"; };
		B1BB85C4275410CD00987EFC /* DetailCharacterLinkCell.swift */ = {isa = PBXFileReference; lastKnownFileType = sourcecode.swift; path = DetailCharacterLinkCell.swift; sourceTree = "<group>"; };
		B1BB85C5275410CD00987EFC /* DetailCharacterLinkCell.xib */ = {isa = PBXFileReference; lastKnownFileType = file.xib; path = DetailCharacterLinkCell.xib; sourceTree = "<group>"; };
		B1BB85C8275410E100987EFC /* DetailCharacterDescriptionCell.swift */ = {isa = PBXFileReference; lastKnownFileType = sourcecode.swift; path = DetailCharacterDescriptionCell.swift; sourceTree = "<group>"; };
		B1BB85C9275410E100987EFC /* DetailCharacterDescriptionCell.xib */ = {isa = PBXFileReference; lastKnownFileType = file.xib; path = DetailCharacterDescriptionCell.xib; sourceTree = "<group>"; };
		B1BB85D0275412A100987EFC /* DetailCharacterTitleCell.swift */ = {isa = PBXFileReference; lastKnownFileType = sourcecode.swift; path = DetailCharacterTitleCell.swift; sourceTree = "<group>"; };
		B1BB85D1275412A100987EFC /* DetailCharacterTitleCell.xib */ = {isa = PBXFileReference; lastKnownFileType = file.xib; path = DetailCharacterTitleCell.xib; sourceTree = "<group>"; };
		B1BB85D4275412EF00987EFC /* DetailCharacterHeaderCell.swift */ = {isa = PBXFileReference; lastKnownFileType = sourcecode.swift; path = DetailCharacterHeaderCell.swift; sourceTree = "<group>"; };
		B1BB85D5275412EF00987EFC /* DetailCharacterHeaderCell.xib */ = {isa = PBXFileReference; lastKnownFileType = file.xib; path = DetailCharacterHeaderCell.xib; sourceTree = "<group>"; };
		B1BB85D82754130200987EFC /* DetailCharacterValueCell.swift */ = {isa = PBXFileReference; lastKnownFileType = sourcecode.swift; path = DetailCharacterValueCell.swift; sourceTree = "<group>"; };
		B1BB85D92754130200987EFC /* DetailCharacterValueCell.xib */ = {isa = PBXFileReference; lastKnownFileType = file.xib; path = DetailCharacterValueCell.xib; sourceTree = "<group>"; };
		B1BB85DC2754138100987EFC /* DetailCharacterSeparatorCell.swift */ = {isa = PBXFileReference; lastKnownFileType = sourcecode.swift; path = DetailCharacterSeparatorCell.swift; sourceTree = "<group>"; };
		B1BB85DD2754138100987EFC /* DetailCharacterSeparatorCell.xib */ = {isa = PBXFileReference; lastKnownFileType = file.xib; path = DetailCharacterSeparatorCell.xib; sourceTree = "<group>"; };
/* End PBXFileReference section */

/* Begin PBXFrameworksBuildPhase section */
		B168304527528841006BF6F2 /* Frameworks */ = {
			isa = PBXFrameworksBuildPhase;
			buildActionMask = 2147483647;
			files = (
				476E58F985EC2A642951F646 /* libPods-AwesomeCharacters.a in Frameworks */,
			);
			runOnlyForDeploymentPostprocessing = 0;
		};
/* End PBXFrameworksBuildPhase section */

/* Begin PBXGroup section */
		3AEA888FC7A8854B60DE6B7B /* Frameworks */ = {
			isa = PBXGroup;
			children = (
				73FF02964BCDE3E679535CE2 /* libPods-AwesomeCharacters.a */,
			);
			name = Frameworks;
			sourceTree = "<group>";
		};
		B168303F27528841006BF6F2 = {
			isa = PBXGroup;
			children = (
				B168304A27528841006BF6F2 /* AwesomeCharacters */,
				B168304927528841006BF6F2 /* Products */,
				E5644E9EF44D510C1A16B488 /* Pods */,
				3AEA888FC7A8854B60DE6B7B /* Frameworks */,
			);
			sourceTree = "<group>";
		};
		B168304927528841006BF6F2 /* Products */ = {
			isa = PBXGroup;
			children = (
				B168304827528841006BF6F2 /* AwesomeCharacters.app */,
			);
			name = Products;
			sourceTree = "<group>";
		};
		B168304A27528841006BF6F2 /* AwesomeCharacters */ = {
			isa = PBXGroup;
			children = (
				B168304B27528841006BF6F2 /* AppDelegate.swift */,
				B168304D27528841006BF6F2 /* SceneDelegate.swift */,
				B1683063275288B6006BF6F2 /* common */,
				B168306027528895006BF6F2 /* features */,
				B168305F2752887B006BF6F2 /* configuration */,
			);
			path = AwesomeCharacters;
			sourceTree = "<group>";
		};
		B168305F2752887B006BF6F2 /* configuration */ = {
			isa = PBXGroup;
			children = (
				B168305927528843006BF6F2 /* Info.plist */,
				B168305627528843006BF6F2 /* LaunchScreen.storyboard */,
			);
			path = configuration;
			sourceTree = "<group>";
		};
		B168306027528895006BF6F2 /* features */ = {
			isa = PBXGroup;
			children = (
				B1683062275288A5006BF6F2 /* detail */,
				B16830612752889E006BF6F2 /* list */,
			);
			path = features;
			sourceTree = "<group>";
		};
		B16830612752889E006BF6F2 /* list */ = {
			isa = PBXGroup;
			children = (
				B16830AC2752B7C2006BF6F2 /* cells */,
				B1683092275293B2006BF6F2 /* ListCharactersPresenter.swift */,
				B168308E27529193006BF6F2 /* ListCharacterViewController.swift */,
				B168308F27529193006BF6F2 /* ListCharacterViewController.xib */,
				B1683094275293CF006BF6F2 /* ListCharacterVO.swift */,
			);
			path = list;
			sourceTree = "<group>";
		};
		B1683062275288A5006BF6F2 /* detail */ = {
			isa = PBXGroup;
			children = (
				B1BB85B72754107D00987EFC /* cells */,
				B1BB85AF2754105100987EFC /* DetailCharacterPresenter.swift */,
				B1BB85B32754107A00987EFC /* DetailCharacterViewController.swift */,
				B1BB85B42754107A00987EFC /* DetailCharacterViewController.xib */,
				B1BB85B12754106400987EFC /* DetailCharacterVO.swift */,
			);
			path = detail;
			sourceTree = "<group>";
		};
		B1683063275288B6006BF6F2 /* common */ = {
			isa = PBXGroup;
			children = (
				B16830A72752ACBD006BF6F2 /* others */,
				B168306A27528902006BF6F2 /* resources */,
				B1683064275288BD006BF6F2 /* model */,
				B1683068275288D6006BF6F2 /* repository */,
				B1683069275288DC006BF6F2 /* useCases */,
			);
			path = common;
			sourceTree = "<group>";
		};
		B1683064275288BD006BF6F2 /* model */ = {
			isa = PBXGroup;
			children = (
				B1683066275288C9006BF6F2 /* bo */,
				B1683065275288C3006BF6F2 /* dto */,
				B1683067275288CE006BF6F2 /* mapper */,
			);
			path = model;
			sourceTree = "<group>";
		};
		B1683065275288C3006BF6F2 /* dto */ = {
			isa = PBXGroup;
			children = (
				B16830A12752A434006BF6F2 /* ResponseDTO.swift */,
				B16830A32752A4C1006BF6F2 /* CharacterDTO.swift */,
			);
			path = dto;
			sourceTree = "<group>";
		};
		B1683066275288C9006BF6F2 /* bo */ = {
			isa = PBXGroup;
			children = (
				B16830A52752AC63006BF6F2 /* CharacterBO.swift */,
			);
			path = bo;
			sourceTree = "<group>";
		};
		B1683067275288CE006BF6F2 /* mapper */ = {
			isa = PBXGroup;
			children = (
				B16830AA2752AF05006BF6F2 /* CharacterMapper.swift */,
			);
			path = mapper;
			sourceTree = "<group>";
		};
		B1683068275288D6006BF6F2 /* repository */ = {
			isa = PBXGroup;
			children = (
				B168309927529B39006BF6F2 /* CharactersRepository.swift */,
			);
			path = repository;
			sourceTree = "<group>";
		};
		B1683069275288DC006BF6F2 /* useCases */ = {
			isa = PBXGroup;
			children = (
				B168309727529AAC006BF6F2 /* UseCaseCharactersGetList.swift */,
				B16830B12752BA1A006BF6F2 /* UseCaseCharacters.swift */,
			);
			path = useCases;
			sourceTree = "<group>";
		};
		B168306A27528902006BF6F2 /* resources */ = {
			isa = PBXGroup;
			children = (
				B168305427528843006BF6F2 /* Assets.xcassets */,
				B168307927529080006BF6F2 /* fonts */,
				B168306C27528BDE006BF6F2 /* generated */,
				B168306F27528C87006BF6F2 /* Localizable.strings */,
			);
			path = resources;
			sourceTree = "<group>";
		};
		B168306C27528BDE006BF6F2 /* generated */ = {
			isa = PBXGroup;
			children = (
				B168307427528F82006BF6F2 /* Assets.generated.swift */,
				B168307327528F82006BF6F2 /* Fonts.generated.swift */,
				B16830772752905B006BF6F2 /* Strings.generated.swift */,
			);
			path = generated;
			sourceTree = "<group>";
		};
		B168307927529080006BF6F2 /* fonts */ = {
			isa = PBXGroup;
			children = (
				B168307A27529080006BF6F2 /* OpenSans-Semibold.ttf */,
				B168307B27529080006BF6F2 /* OpenSans-Light.ttf */,
				B168307C27529080006BF6F2 /* OpenSans-Italic.ttf */,
				B168307D27529080006BF6F2 /* OpenSans-ExtraBold.ttf */,
				B168307E27529080006BF6F2 /* OpenSans-LightItalic.ttf */,
				B168307F27529080006BF6F2 /* OpenSans-Bold.ttf */,
				B168308027529080006BF6F2 /* OpenSans-SemiboldItalic.ttf */,
				B168308127529080006BF6F2 /* OpenSans-ExtraBoldItalic.ttf */,
				B168308227529080006BF6F2 /* OpenSans-Regular.ttf */,
				B168308327529080006BF6F2 /* OpenSans-BoldItalic.ttf */,
			);
			path = fonts;
			sourceTree = "<group>";
		};
		B16830A72752ACBD006BF6F2 /* others */ = {
			isa = PBXGroup;
			children = (
				B16830A82752ACCB006BF6F2 /* APIRequest.swift */,
				B168309F27529FFC006BF6F2 /* AppError.swift */,
				B168309B27529C19006BF6F2 /* Constants.swift */,
				B168309D27529FAA006BF6F2 /* Strings+Extensions.swift */,
			);
			path = others;
			sourceTree = "<group>";
		};
		B16830AC2752B7C2006BF6F2 /* cells */ = {
			isa = PBXGroup;
			children = (
				B16830AD2752B7F0006BF6F2 /* ListCharacterViewCell.swift */,
				B16830AE2752B7F0006BF6F2 /* ListCharacterViewCell.xib */,
			);
			path = cells;
			sourceTree = "<group>";
		};
		B1BB85B72754107D00987EFC /* cells */ = {
			isa = PBXGroup;
			children = (
				B1BB85C8275410E100987EFC /* DetailCharacterDescriptionCell.swift */,
				B1BB85C9275410E100987EFC /* DetailCharacterDescriptionCell.xib */,
				B1BB85D4275412EF00987EFC /* DetailCharacterHeaderCell.swift */,
				B1BB85D5275412EF00987EFC /* DetailCharacterHeaderCell.xib */,
				B1BB85B8275410A000987EFC /* DetailCharacterImageCell.swift */,
				B1BB85B9275410A000987EFC /* DetailCharacterImageCell.xib */,
				B1BB85C4275410CD00987EFC /* DetailCharacterLinkCell.swift */,
				B1BB85C5275410CD00987EFC /* DetailCharacterLinkCell.xib */,
				B1BB85DC2754138100987EFC /* DetailCharacterSeparatorCell.swift */,
				B1BB85DD2754138100987EFC /* DetailCharacterSeparatorCell.xib */,
				B1BB85D0275412A100987EFC /* DetailCharacterTitleCell.swift */,
				B1BB85D1275412A100987EFC /* DetailCharacterTitleCell.xib */,
				B1BB85D82754130200987EFC /* DetailCharacterValueCell.swift */,
				B1BB85D92754130200987EFC /* DetailCharacterValueCell.xib */,
			);
			path = cells;
			sourceTree = "<group>";
		};
		E5644E9EF44D510C1A16B488 /* Pods */ = {
			isa = PBXGroup;
			children = (
				3D897001F276B104A2BBE57C /* Pods-AwesomeCharacters.debug.xcconfig */,
				94B0E6F24C3EBF443F56C0FE /* Pods-AwesomeCharacters.release.xcconfig */,
			);
			path = Pods;
			sourceTree = "<group>";
		};
/* End PBXGroup section */

/* Begin PBXNativeTarget section */
		B168304727528841006BF6F2 /* AwesomeCharacters */ = {
			isa = PBXNativeTarget;
			buildConfigurationList = B168305C27528843006BF6F2 /* Build configuration list for PBXNativeTarget "AwesomeCharacters" */;
			buildPhases = (
				E266F27A19092F9E392A04FF /* [CP] Check Pods Manifest.lock */,
				B168306B27528B6B006BF6F2 /* SwiftGen */,
				B168304427528841006BF6F2 /* Sources */,
				B168304527528841006BF6F2 /* Frameworks */,
				B168304627528841006BF6F2 /* Resources */,
			);
			buildRules = (
			);
			dependencies = (
			);
			name = AwesomeCharacters;
			productName = AwesomeCharacters;
			productReference = B168304827528841006BF6F2 /* AwesomeCharacters.app */;
			productType = "com.apple.product-type.application";
		};
/* End PBXNativeTarget section */

/* Begin PBXProject section */
		B168304027528841006BF6F2 /* Project object */ = {
			isa = PBXProject;
			attributes = {
				BuildIndependentTargetsInParallel = 1;
				LastSwiftUpdateCheck = 1300;
				LastUpgradeCheck = 1300;
				TargetAttributes = {
					B168304727528841006BF6F2 = {
						CreatedOnToolsVersion = 13.0;
					};
				};
			};
			buildConfigurationList = B168304327528841006BF6F2 /* Build configuration list for PBXProject "AwesomeCharacters" */;
			compatibilityVersion = "Xcode 13.0";
			developmentRegion = en;
			hasScannedForEncodings = 0;
			knownRegions = (
				en,
				Base,
				es,
			);
			mainGroup = B168303F27528841006BF6F2;
			packageReferences = (
			);
			productRefGroup = B168304927528841006BF6F2 /* Products */;
			projectDirPath = "";
			projectRoot = "";
			targets = (
				B168304727528841006BF6F2 /* AwesomeCharacters */,
			);
		};
/* End PBXProject section */

/* Begin PBXResourcesBuildPhase section */
		B168304627528841006BF6F2 /* Resources */ = {
			isa = PBXResourcesBuildPhase;
			buildActionMask = 2147483647;
			files = (
				B16830B02752B7F0006BF6F2 /* ListCharacterViewCell.xib in Resources */,
				B168308427529080006BF6F2 /* OpenSans-Semibold.ttf in Resources */,
				B168305827528843006BF6F2 /* LaunchScreen.storyboard in Resources */,
				B1BB85DF2754138100987EFC /* DetailCharacterSeparatorCell.xib in Resources */,
				B1BB85D3275412A100987EFC /* DetailCharacterTitleCell.xib in Resources */,
				B1BB85B62754107A00987EFC /* DetailCharacterViewController.xib in Resources */,
				B168309127529193006BF6F2 /* ListCharacterViewController.xib in Resources */,
				B168308727529080006BF6F2 /* OpenSans-ExtraBold.ttf in Resources */,
				B168307127528C87006BF6F2 /* Localizable.strings in Resources */,
				B168308627529080006BF6F2 /* OpenSans-Italic.ttf in Resources */,
				B1BB85D7275412EF00987EFC /* DetailCharacterHeaderCell.xib in Resources */,
				B168308927529080006BF6F2 /* OpenSans-Bold.ttf in Resources */,
				B1BB85BB275410A000987EFC /* DetailCharacterImageCell.xib in Resources */,
				B168308A27529080006BF6F2 /* OpenSans-SemiboldItalic.ttf in Resources */,
				B168308527529080006BF6F2 /* OpenSans-Light.ttf in Resources */,
				B1BB85DB2754130200987EFC /* DetailCharacterValueCell.xib in Resources */,
				B168308D27529080006BF6F2 /* OpenSans-BoldItalic.ttf in Resources */,
				B168308827529080006BF6F2 /* OpenSans-LightItalic.ttf in Resources */,
				B168308B27529080006BF6F2 /* OpenSans-ExtraBoldItalic.ttf in Resources */,
				B168308C27529080006BF6F2 /* OpenSans-Regular.ttf in Resources */,
				B1BB85C7275410CD00987EFC /* DetailCharacterLinkCell.xib in Resources */,
				B168305527528843006BF6F2 /* Assets.xcassets in Resources */,
				B1BB85CB275410E100987EFC /* DetailCharacterDescriptionCell.xib in Resources */,
			);
			runOnlyForDeploymentPostprocessing = 0;
		};
/* End PBXResourcesBuildPhase section */

/* Begin PBXShellScriptBuildPhase section */
		B168306B27528B6B006BF6F2 /* SwiftGen */ = {
			isa = PBXShellScriptBuildPhase;
			buildActionMask = 2147483647;
			files = (
			);
			inputFileListPaths = (
			);
			inputPaths = (
				"${SRCROOT}/AwesomeCharacters/common/resources/es.lproj/Localizable.strings",
				"${SRCROOT}/AwesomeCharacters/common/resources/Assets.xcassets",
			);
			name = SwiftGen;
			outputFileListPaths = (
			);
			outputPaths = (
				"${SRCROOT}/AwesomeCharacters/common/resources/generated/Strings.generated.swift",
				"${SRCROOT}/AwesomeCharacters/common/resources/generated/Fonts.generated.swift",
				"${SRCROOT}/AwesomeCharacters/common/resources/generated/Assets.generated.swift",
			);
			runOnlyForDeploymentPostprocessing = 0;
			shellPath = /bin/sh;
			shellScript = "if [[ -f \"${PODS_ROOT}/SwiftGen/bin/swiftgen\" ]]; then\n  \"${PODS_ROOT}/SwiftGen/bin/swiftgen\" run strings --templateName structured-swift5 \"${SRCROOT}/AwesomeCharacters/common/resources/es.lproj/\" --output \"${SRCROOT}/AwesomeCharacters/common/resources/generated/Strings.generated.swift\"\n    \"${PODS_ROOT}/SwiftGen/bin/swiftgen\" run fonts --templateName swift5 \"${SRCROOT}/AwesomeCharacters/common/resources/fonts\" --output \"${SRCROOT}/AwesomeCharacters/common/resources/generated/Fonts.generated.swift\"\n        \"${PODS_ROOT}/SwiftGen/bin/swiftgen\" run xcassets --templateName swift5 \"${SRCROOT}/AwesomeCharacters/common/resources/Assets.xcassets\" --output \"${SRCROOT}/AwesomeCharacters/common/resources/generated/Assets.generated.swift\"\n\nelse\n  echo \"warning: SwiftGen is not installed. Run 'pod install --repo-update' to install it.\"\nfi\n";
		};
		E266F27A19092F9E392A04FF /* [CP] Check Pods Manifest.lock */ = {
			isa = PBXShellScriptBuildPhase;
			buildActionMask = 2147483647;
			files = (
			);
			inputFileListPaths = (
			);
			inputPaths = (
				"${PODS_PODFILE_DIR_PATH}/Podfile.lock",
				"${PODS_ROOT}/Manifest.lock",
			);
			name = "[CP] Check Pods Manifest.lock";
			outputFileListPaths = (
			);
			outputPaths = (
				"$(DERIVED_FILE_DIR)/Pods-AwesomeCharacters-checkManifestLockResult.txt",
			);
			runOnlyForDeploymentPostprocessing = 0;
			shellPath = /bin/sh;
			shellScript = "diff \"${PODS_PODFILE_DIR_PATH}/Podfile.lock\" \"${PODS_ROOT}/Manifest.lock\" > /dev/null\nif [ $? != 0 ] ; then\n    # print error to STDERR\n    echo \"error: The sandbox is not in sync with the Podfile.lock. Run 'pod install' or update your CocoaPods installation.\" >&2\n    exit 1\nfi\n# This output is used by Xcode 'outputs' to avoid re-running this script phase.\necho \"SUCCESS\" > \"${SCRIPT_OUTPUT_FILE_0}\"\n";
			showEnvVarsInLog = 0;
		};
/* End PBXShellScriptBuildPhase section */

/* Begin PBXSourcesBuildPhase section */
		B168304427528841006BF6F2 /* Sources */ = {
			isa = PBXSourcesBuildPhase;
			buildActionMask = 2147483647;
			files = (
				B16830A42752A4C1006BF6F2 /* CharacterDTO.swift in Sources */,
				B168309E27529FAA006BF6F2 /* Strings+Extensions.swift in Sources */,
				B168304C27528841006BF6F2 /* AppDelegate.swift in Sources */,
				B16830B22752BA1A006BF6F2 /* UseCaseCharacters.swift in Sources */,
				B1BB85BA275410A000987EFC /* DetailCharacterImageCell.swift in Sources */,
				B168309C27529C19006BF6F2 /* Constants.swift in Sources */,
				B1BB85B52754107A00987EFC /* DetailCharacterViewController.swift in Sources */,
				B168309A27529B39006BF6F2 /* CharactersRepository.swift in Sources */,
				B16830A027529FFC006BF6F2 /* AppError.swift in Sources */,
				B168307627528F82006BF6F2 /* Assets.generated.swift in Sources */,
				B1BB85B02754105100987EFC /* DetailCharacterPresenter.swift in Sources */,
				B168309027529193006BF6F2 /* ListCharacterViewController.swift in Sources */,
				B16830782752905B006BF6F2 /* Strings.generated.swift in Sources */,
				B168304E27528841006BF6F2 /* SceneDelegate.swift in Sources */,
				B16830A62752AC63006BF6F2 /* CharacterBO.swift in Sources */,
				B1BB85CA275410E100987EFC /* DetailCharacterDescriptionCell.swift in Sources */,
				B1683093275293B2006BF6F2 /* ListCharactersPresenter.swift in Sources */,
				B1BB85C6275410CD00987EFC /* DetailCharacterLinkCell.swift in Sources */,
				B1BB85DA2754130200987EFC /* DetailCharacterValueCell.swift in Sources */,
				B16830AB2752AF05006BF6F2 /* CharacterMapper.swift in Sources */,
				B1683095275293CF006BF6F2 /* ListCharacterVO.swift in Sources */,
				B168309827529AAC006BF6F2 /* UseCaseCharactersGetList.swift in Sources */,
				B1BB85B22754106400987EFC /* DetailCharacterVO.swift in Sources */,
				B16830A92752ACCB006BF6F2 /* APIRequest.swift in Sources */,
				B16830A22752A434006BF6F2 /* ResponseDTO.swift in Sources */,
				B16830AF2752B7F0006BF6F2 /* ListCharacterViewCell.swift in Sources */,
				B1BB85DE2754138100987EFC /* DetailCharacterSeparatorCell.swift in Sources */,
				B168307527528F82006BF6F2 /* Fonts.generated.swift in Sources */,
				B1BB85D2275412A100987EFC /* DetailCharacterTitleCell.swift in Sources */,
				B1BB85D6275412EF00987EFC /* DetailCharacterHeaderCell.swift in Sources */,
			);
			runOnlyForDeploymentPostprocessing = 0;
		};
/* End PBXSourcesBuildPhase section */

/* Begin PBXVariantGroup section */
		B168305627528843006BF6F2 /* LaunchScreen.storyboard */ = {
			isa = PBXVariantGroup;
			children = (
				B168305727528843006BF6F2 /* Base */,
			);
			name = LaunchScreen.storyboard;
			sourceTree = "<group>";
		};
		B168306F27528C87006BF6F2 /* Localizable.strings */ = {
			isa = PBXVariantGroup;
			children = (
				B168307027528C87006BF6F2 /* en */,
				B168307227528C8D006BF6F2 /* es */,
			);
			name = Localizable.strings;
			sourceTree = "<group>";
		};
/* End PBXVariantGroup section */

/* Begin XCBuildConfiguration section */
		B168305A27528843006BF6F2 /* Debug */ = {
			isa = XCBuildConfiguration;
			buildSettings = {
				ALWAYS_SEARCH_USER_PATHS = NO;
				CLANG_ANALYZER_NONNULL = YES;
				CLANG_ANALYZER_NUMBER_OBJECT_CONVERSION = YES_AGGRESSIVE;
				CLANG_CXX_LANGUAGE_STANDARD = "gnu++17";
				CLANG_CXX_LIBRARY = "libc++";
				CLANG_ENABLE_MODULES = YES;
				CLANG_ENABLE_OBJC_ARC = YES;
				CLANG_ENABLE_OBJC_WEAK = YES;
				CLANG_WARN_BLOCK_CAPTURE_AUTORELEASING = YES;
				CLANG_WARN_BOOL_CONVERSION = YES;
				CLANG_WARN_COMMA = YES;
				CLANG_WARN_CONSTANT_CONVERSION = YES;
				CLANG_WARN_DEPRECATED_OBJC_IMPLEMENTATIONS = YES;
				CLANG_WARN_DIRECT_OBJC_ISA_USAGE = YES_ERROR;
				CLANG_WARN_DOCUMENTATION_COMMENTS = YES;
				CLANG_WARN_EMPTY_BODY = YES;
				CLANG_WARN_ENUM_CONVERSION = YES;
				CLANG_WARN_INFINITE_RECURSION = YES;
				CLANG_WARN_INT_CONVERSION = YES;
				CLANG_WARN_NON_LITERAL_NULL_CONVERSION = YES;
				CLANG_WARN_OBJC_IMPLICIT_RETAIN_SELF = YES;
				CLANG_WARN_OBJC_LITERAL_CONVERSION = YES;
				CLANG_WARN_OBJC_ROOT_CLASS = YES_ERROR;
				CLANG_WARN_QUOTED_INCLUDE_IN_FRAMEWORK_HEADER = YES;
				CLANG_WARN_RANGE_LOOP_ANALYSIS = YES;
				CLANG_WARN_STRICT_PROTOTYPES = YES;
				CLANG_WARN_SUSPICIOUS_MOVE = YES;
				CLANG_WARN_UNGUARDED_AVAILABILITY = YES_AGGRESSIVE;
				CLANG_WARN_UNREACHABLE_CODE = YES;
				CLANG_WARN__DUPLICATE_METHOD_MATCH = YES;
				COPY_PHASE_STRIP = NO;
				DEBUG_INFORMATION_FORMAT = dwarf;
				ENABLE_STRICT_OBJC_MSGSEND = YES;
				ENABLE_TESTABILITY = YES;
				GCC_C_LANGUAGE_STANDARD = gnu11;
				GCC_DYNAMIC_NO_PIC = NO;
				GCC_NO_COMMON_BLOCKS = YES;
				GCC_OPTIMIZATION_LEVEL = 0;
				GCC_PREPROCESSOR_DEFINITIONS = (
					"DEBUG=1",
					"$(inherited)",
				);
				GCC_WARN_64_TO_32_BIT_CONVERSION = YES;
				GCC_WARN_ABOUT_RETURN_TYPE = YES_ERROR;
				GCC_WARN_UNDECLARED_SELECTOR = YES;
				GCC_WARN_UNINITIALIZED_AUTOS = YES_AGGRESSIVE;
				GCC_WARN_UNUSED_FUNCTION = YES;
				GCC_WARN_UNUSED_VARIABLE = YES;
				IPHONEOS_DEPLOYMENT_TARGET = 15.0;
				MTL_ENABLE_DEBUG_INFO = INCLUDE_SOURCE;
				MTL_FAST_MATH = YES;
				ONLY_ACTIVE_ARCH = YES;
				SDKROOT = iphoneos;
				SWIFT_ACTIVE_COMPILATION_CONDITIONS = DEBUG;
				SWIFT_OPTIMIZATION_LEVEL = "-Onone";
			};
			name = Debug;
		};
		B168305B27528843006BF6F2 /* Release */ = {
			isa = XCBuildConfiguration;
			buildSettings = {
				ALWAYS_SEARCH_USER_PATHS = NO;
				CLANG_ANALYZER_NONNULL = YES;
				CLANG_ANALYZER_NUMBER_OBJECT_CONVERSION = YES_AGGRESSIVE;
				CLANG_CXX_LANGUAGE_STANDARD = "gnu++17";
				CLANG_CXX_LIBRARY = "libc++";
				CLANG_ENABLE_MODULES = YES;
				CLANG_ENABLE_OBJC_ARC = YES;
				CLANG_ENABLE_OBJC_WEAK = YES;
				CLANG_WARN_BLOCK_CAPTURE_AUTORELEASING = YES;
				CLANG_WARN_BOOL_CONVERSION = YES;
				CLANG_WARN_COMMA = YES;
				CLANG_WARN_CONSTANT_CONVERSION = YES;
				CLANG_WARN_DEPRECATED_OBJC_IMPLEMENTATIONS = YES;
				CLANG_WARN_DIRECT_OBJC_ISA_USAGE = YES_ERROR;
				CLANG_WARN_DOCUMENTATION_COMMENTS = YES;
				CLANG_WARN_EMPTY_BODY = YES;
				CLANG_WARN_ENUM_CONVERSION = YES;
				CLANG_WARN_INFINITE_RECURSION = YES;
				CLANG_WARN_INT_CONVERSION = YES;
				CLANG_WARN_NON_LITERAL_NULL_CONVERSION = YES;
				CLANG_WARN_OBJC_IMPLICIT_RETAIN_SELF = YES;
				CLANG_WARN_OBJC_LITERAL_CONVERSION = YES;
				CLANG_WARN_OBJC_ROOT_CLASS = YES_ERROR;
				CLANG_WARN_QUOTED_INCLUDE_IN_FRAMEWORK_HEADER = YES;
				CLANG_WARN_RANGE_LOOP_ANALYSIS = YES;
				CLANG_WARN_STRICT_PROTOTYPES = YES;
				CLANG_WARN_SUSPICIOUS_MOVE = YES;
				CLANG_WARN_UNGUARDED_AVAILABILITY = YES_AGGRESSIVE;
				CLANG_WARN_UNREACHABLE_CODE = YES;
				CLANG_WARN__DUPLICATE_METHOD_MATCH = YES;
				COPY_PHASE_STRIP = NO;
				DEBUG_INFORMATION_FORMAT = "dwarf-with-dsym";
				ENABLE_NS_ASSERTIONS = NO;
				ENABLE_STRICT_OBJC_MSGSEND = YES;
				GCC_C_LANGUAGE_STANDARD = gnu11;
				GCC_NO_COMMON_BLOCKS = YES;
				GCC_WARN_64_TO_32_BIT_CONVERSION = YES;
				GCC_WARN_ABOUT_RETURN_TYPE = YES_ERROR;
				GCC_WARN_UNDECLARED_SELECTOR = YES;
				GCC_WARN_UNINITIALIZED_AUTOS = YES_AGGRESSIVE;
				GCC_WARN_UNUSED_FUNCTION = YES;
				GCC_WARN_UNUSED_VARIABLE = YES;
				IPHONEOS_DEPLOYMENT_TARGET = 15.0;
				MTL_ENABLE_DEBUG_INFO = NO;
				MTL_FAST_MATH = YES;
				SDKROOT = iphoneos;
				SWIFT_COMPILATION_MODE = wholemodule;
				SWIFT_OPTIMIZATION_LEVEL = "-O";
				VALIDATE_PRODUCT = YES;
			};
			name = Release;
		};
		B168305D27528843006BF6F2 /* Debug */ = {
			isa = XCBuildConfiguration;
			baseConfigurationReference = 3D897001F276B104A2BBE57C /* Pods-AwesomeCharacters.debug.xcconfig */;
			buildSettings = {
				ASSETCATALOG_COMPILER_APPICON_NAME = AppIcon;
				ASSETCATALOG_COMPILER_GLOBAL_ACCENT_COLOR_NAME = AccentColor;
				CODE_SIGN_STYLE = Automatic;
				CURRENT_PROJECT_VERSION = 1;
				GENERATE_INFOPLIST_FILE = YES;
				INFOPLIST_FILE = AwesomeCharacters/configuration/Info.plist;
				INFOPLIST_KEY_UIApplicationSupportsIndirectInputEvents = YES;
				INFOPLIST_KEY_UILaunchStoryboardName = LaunchScreen;
				INFOPLIST_KEY_UISupportedInterfaceOrientations_iPad = "UIInterfaceOrientationPortrait UIInterfaceOrientationPortraitUpsideDown UIInterfaceOrientationLandscapeLeft UIInterfaceOrientationLandscapeRight";
				INFOPLIST_KEY_UISupportedInterfaceOrientations_iPhone = "UIInterfaceOrientationPortrait UIInterfaceOrientationLandscapeLeft UIInterfaceOrientationLandscapeRight";
				LD_RUNPATH_SEARCH_PATHS = (
					"$(inherited)",
					"@executable_path/Frameworks",
				);
				MARKETING_VERSION = 1.0;
				PRODUCT_BUNDLE_IDENTIFIER = com.lukanor.AwesomeCharacters;
				PRODUCT_NAME = "$(TARGET_NAME)";
				SWIFT_EMIT_LOC_STRINGS = YES;
				SWIFT_VERSION = 5.0;
				TARGETED_DEVICE_FAMILY = "1,2";
			};
			name = Debug;
		};
		B168305E27528843006BF6F2 /* Release */ = {
			isa = XCBuildConfiguration;
			baseConfigurationReference = 94B0E6F24C3EBF443F56C0FE /* Pods-AwesomeCharacters.release.xcconfig */;
			buildSettings = {
				ASSETCATALOG_COMPILER_APPICON_NAME = AppIcon;
				ASSETCATALOG_COMPILER_GLOBAL_ACCENT_COLOR_NAME = AccentColor;
				CODE_SIGN_STYLE = Automatic;
				CURRENT_PROJECT_VERSION = 1;
				GENERATE_INFOPLIST_FILE = YES;
				INFOPLIST_FILE = AwesomeCharacters/configuration/Info.plist;
				INFOPLIST_KEY_UIApplicationSupportsIndirectInputEvents = YES;
				INFOPLIST_KEY_UILaunchStoryboardName = LaunchScreen;
				INFOPLIST_KEY_UISupportedInterfaceOrientations_iPad = "UIInterfaceOrientationPortrait UIInterfaceOrientationPortraitUpsideDown UIInterfaceOrientationLandscapeLeft UIInterfaceOrientationLandscapeRight";
				INFOPLIST_KEY_UISupportedInterfaceOrientations_iPhone = "UIInterfaceOrientationPortrait UIInterfaceOrientationLandscapeLeft UIInterfaceOrientationLandscapeRight";
				LD_RUNPATH_SEARCH_PATHS = (
					"$(inherited)",
					"@executable_path/Frameworks",
				);
				MARKETING_VERSION = 1.0;
				PRODUCT_BUNDLE_IDENTIFIER = com.lukanor.AwesomeCharacters;
				PRODUCT_NAME = "$(TARGET_NAME)";
				SWIFT_EMIT_LOC_STRINGS = YES;
				SWIFT_VERSION = 5.0;
				TARGETED_DEVICE_FAMILY = "1,2";
			};
			name = Release;
		};
/* End XCBuildConfiguration section */

/* Begin XCConfigurationList section */
		B168304327528841006BF6F2 /* Build configuration list for PBXProject "AwesomeCharacters" */ = {
			isa = XCConfigurationList;
			buildConfigurations = (
				B168305A27528843006BF6F2 /* Debug */,
				B168305B27528843006BF6F2 /* Release */,
			);
			defaultConfigurationIsVisible = 0;
			defaultConfigurationName = Release;
		};
		B168305C27528843006BF6F2 /* Build configuration list for PBXNativeTarget "AwesomeCharacters" */ = {
			isa = XCConfigurationList;
			buildConfigurations = (
				B168305D27528843006BF6F2 /* Debug */,
				B168305E27528843006BF6F2 /* Release */,
			);
			defaultConfigurationIsVisible = 0;
			defaultConfigurationName = Release;
		};
/* End XCConfigurationList section */
	};
	rootObject = B168304027528841006BF6F2 /* Project object */;
}
