PODS:
  - Kingfisher (7.1.1)
  - NVActivityIndicatorView (5.1.1):
    - NVActivityIndicatorView/Base (= 5.1.1)
  - NVActivityIndicatorView/Base (5.1.1)
  - SwiftGen (6.5.1)

DEPENDENCIES:
  - Kingfisher
  - NVActivityIndicatorView
  - SwiftGen

SPEC REPOS:
  https://github.com/CocoaPods/Specs.git:
    - Kingfisher
    - NVActivityIndicatorView
    - SwiftGen

SPEC CHECKSUMS:
  Kingfisher: f738f9c4a3415823b8e2985d10aa2d6a9f37bc4d
  NVActivityIndicatorView: 1f6c5687f1171810aa27a3296814dc2d7dec3667
  SwiftGen: a6d22010845f08fe18fbdf3a07a8e380fd22e0ea

PODFILE CHECKSUM: de2e6bc45d82b01f783c5e1a62c360fe826ed3ca

COCOAPODS: 1.11.2
